
Microsoft Visual Studio Solution File, Format Version 12.00
# Visual Studio Version 16
VisualStudioVersion = 16.0.31205.134
MinimumVisualStudioVersion = 10.0.40219.1
Project("{FAE04EC0-301F-11D3-BF4B-00C04F79EFBC}") = "AppTesoreria", "AppTesoreria\AppTesoreria.csproj", "{A7555AAF-F41C-4C9F-8C8D-8C403A830F0A}"
EndProject
Global
	GlobalSection(SolutionConfigurationPlatforms) = preSolution
		Debug|Any CPU = Debug|Any CPU
		Release|Any CPU = Release|Any CPU
	EndGlobalSection
	GlobalSection(ProjectConfigurationPlatforms) = postSolution
		{A7555AAF-F41C-4C9F-8C8D-8C403A830F0A}.Debug|Any CPU.ActiveCfg = Debug|Any CPU
		{A7555AAF-F41C-4C9F-8C8D-8C403A830F0A}.Debug|Any CPU.Build.0 = Debug|Any CPU
		{A7555AAF-F41C-4C9F-8C8D-8C403A830F0A}.Release|Any CPU.ActiveCfg = Release|Any CPU
		{A7555AAF-F41C-4C9F-8C8D-8C403A830F0A}.Release|Any CPU.Build.0 = Release|Any CPU
	EndGlobalSection
	GlobalSection(SolutionProperties) = preSolution
		HideSolutionNode = FALSE
	EndGlobalSection
	GlobalSection(ExtensibilityGlobals) = postSolution
		SolutionGuid = {247294CC-AEB5-4E49-8657-8B02E6012D9A}
	EndGlobalSection
EndGlobal
